
Microsoft Visual Studio Solution File, Format Version 12.00
# Visual Studio Version 17
VisualStudioVersion = 17.8.34525.116
MinimumVisualStudioVersion = 10.0.40219.1
Project("{9A19103F-16F7-4668-BE54-9A1E7A4F7556}") = "Meliora", "Meliora\Meliora.csproj", "{BE2A8B83-474C-41B4-BBB1-A18F1365B944}"
EndProject
Project("{9A19103F-16F7-4668-BE54-9A1E7A4F7556}") = "Meliora.Client", "Meliora.Client\Meliora.Client.csproj", "{DAD7AC77-DDA0-4B20-BB5D-D2E332763478}"
EndProject
Project("{9A19103F-16F7-4668-BE54-9A1E7A4F7556}") = "Meliora.Services", "Meliora.Services\Meliora.Services.csproj", "{3CF702DF-137E-44BF-9C90-013B5CE33CA0}"
EndProject
Project("{9A19103F-16F7-4668-BE54-9A1E7A4F7556}") = "Meliora.Tests", "Meliora.Tests\Meliora.Tests.csproj", "{F857945C-621F-4582-A57E-C20D1595ED99}"
EndProject
Project("{E53339B2-1760-4266-BCC7-CA923CBCF16C}") = "docker-compose", "docker-compose.dcproj", "{0BDE4300-6038-4411-A46D-9D9DCF466ECD}"
EndProject
Project("{2150E333-8FDC-42A3-9474-1A3956D46DE8}") = "sql", "sql", "{E2891B30-0D9A-4E38-A734-BDF71CB55AE1}"
	ProjectSection(SolutionItems) = preProject
		sql\cookie.sql = sql\cookie.sql
		sql\init.sql = sql\init.sql
	EndProjectSection
EndProject
Project("{9A19103F-16F7-4668-BE54-9A1E7A4F7556}") = "Meliora.Repository", "Meliora.Repository\Meliora.Repository.csproj", "{8C3BB502-AE32-401C-BCDE-ACD20E120ABF}"
EndProject
Project("{9A19103F-16F7-4668-BE54-9A1E7A4F7556}") = "Meliora.Domain", "Meliora.Domain\Meliora.Domain.csproj", "{15AA3BA6-32D0-40C7-969B-96BD6C9E5A09}"
EndProject
Project("{2150E333-8FDC-42A3-9474-1A3956D46DE8}") = "Solution Items", "Solution Items", "{372B1DD9-2E98-47ED-BA93-21DF1A8622B7}"
	ProjectSection(SolutionItems) = preProject
		init.sh = init.sh
	EndProjectSection
EndProject
Global
	GlobalSection(SolutionConfigurationPlatforms) = preSolution
		Debug|Any CPU = Debug|Any CPU
		Release|Any CPU = Release|Any CPU
	EndGlobalSection
	GlobalSection(ProjectConfigurationPlatforms) = postSolution
		{BE2A8B83-474C-41B4-BBB1-A18F1365B944}.Debug|Any CPU.ActiveCfg = Debug|Any CPU
		{BE2A8B83-474C-41B4-BBB1-A18F1365B944}.Debug|Any CPU.Build.0 = Debug|Any CPU
		{BE2A8B83-474C-41B4-BBB1-A18F1365B944}.Release|Any CPU.ActiveCfg = Release|Any CPU
		{BE2A8B83-474C-41B4-BBB1-A18F1365B944}.Release|Any CPU.Build.0 = Release|Any CPU
		{DAD7AC77-DDA0-4B20-BB5D-D2E332763478}.Debug|Any CPU.ActiveCfg = Debug|Any CPU
		{DAD7AC77-DDA0-4B20-BB5D-D2E332763478}.Debug|Any CPU.Build.0 = Debug|Any CPU
		{DAD7AC77-DDA0-4B20-BB5D-D2E332763478}.Release|Any CPU.ActiveCfg = Release|Any CPU
		{DAD7AC77-DDA0-4B20-BB5D-D2E332763478}.Release|Any CPU.Build.0 = Release|Any CPU
		{3CF702DF-137E-44BF-9C90-013B5CE33CA0}.Debug|Any CPU.ActiveCfg = Debug|Any CPU
		{3CF702DF-137E-44BF-9C90-013B5CE33CA0}.Debug|Any CPU.Build.0 = Debug|Any CPU
		{3CF702DF-137E-44BF-9C90-013B5CE33CA0}.Release|Any CPU.ActiveCfg = Release|Any CPU
		{3CF702DF-137E-44BF-9C90-013B5CE33CA0}.Release|Any CPU.Build.0 = Release|Any CPU
		{F857945C-621F-4582-A57E-C20D1595ED99}.Debug|Any CPU.ActiveCfg = Debug|Any CPU
		{F857945C-621F-4582-A57E-C20D1595ED99}.Debug|Any CPU.Build.0 = Debug|Any CPU
		{F857945C-621F-4582-A57E-C20D1595ED99}.Release|Any CPU.ActiveCfg = Release|Any CPU
		{F857945C-621F-4582-A57E-C20D1595ED99}.Release|Any CPU.Build.0 = Release|Any CPU
		{0BDE4300-6038-4411-A46D-9D9DCF466ECD}.Debug|Any CPU.ActiveCfg = Debug|Any CPU
		{0BDE4300-6038-4411-A46D-9D9DCF466ECD}.Debug|Any CPU.Build.0 = Debug|Any CPU
		{0BDE4300-6038-4411-A46D-9D9DCF466ECD}.Release|Any CPU.ActiveCfg = Release|Any CPU
		{0BDE4300-6038-4411-A46D-9D9DCF466ECD}.Release|Any CPU.Build.0 = Release|Any CPU
		{8C3BB502-AE32-401C-BCDE-ACD20E120ABF}.Debug|Any CPU.ActiveCfg = Debug|Any CPU
		{8C3BB502-AE32-401C-BCDE-ACD20E120ABF}.Debug|Any CPU.Build.0 = Debug|Any CPU
		{8C3BB502-AE32-401C-BCDE-ACD20E120ABF}.Release|Any CPU.ActiveCfg = Release|Any CPU
		{8C3BB502-AE32-401C-BCDE-ACD20E120ABF}.Release|Any CPU.Build.0 = Release|Any CPU
		{15AA3BA6-32D0-40C7-969B-96BD6C9E5A09}.Debug|Any CPU.ActiveCfg = Debug|Any CPU
		{15AA3BA6-32D0-40C7-969B-96BD6C9E5A09}.Debug|Any CPU.Build.0 = Debug|Any CPU
		{15AA3BA6-32D0-40C7-969B-96BD6C9E5A09}.Release|Any CPU.ActiveCfg = Release|Any CPU
		{15AA3BA6-32D0-40C7-969B-96BD6C9E5A09}.Release|Any CPU.Build.0 = Release|Any CPU
	EndGlobalSection
	GlobalSection(SolutionProperties) = preSolution
		HideSolutionNode = FALSE
	EndGlobalSection
	GlobalSection(ExtensibilityGlobals) = postSolution
		SolutionGuid = {E74CFCCA-513E-4582-B05A-7834454C0BA8}
	EndGlobalSection
EndGlobal
